// !$*UTF8*$!
{
	archiveVersion = 1;
	classes = {
	};
	objectVersion = 56;
	objects = {

/* Begin PBXBuildFile section */
		F9F0D5F02B80927F00BA4244 /* ArtGalleryApp.swift in Sources */ = {isa = PBXBuildFile; fileRef = F9F0D5EF2B80927F00BA4244 /* ArtGalleryApp.swift */; };
		F9F0D5F22B80927F00BA4244 /* ContentView.swift in Sources */ = {isa = PBXBuildFile; fileRef = F9F0D5F12B80927F00BA4244 /* ContentView.swift */; };
		F9F0D5F42B80928000BA4244 /* Assets.xcassets in Resources */ = {isa = PBXBuildFile; fileRef = F9F0D5F32B80928000BA4244 /* Assets.xcassets */; };
		F9F0D5F72B80928000BA4244 /* Preview Assets.xcassets in Resources */ = {isa = PBXBuildFile; fileRef = F9F0D5F62B80928000BA4244 /* Preview Assets.xcassets */; };
		F9F0D6012B8093CF00BA4244 /* AllArtists.swift in Sources */ = {isa = PBXBuildFile; fileRef = F9F0D6002B8093CF00BA4244 /* AllArtists.swift */; };
		F9F0D6032B8093F100BA4244 /* Artist.swift in Sources */ = {isa = PBXBuildFile; fileRef = F9F0D6022B8093F100BA4244 /* Artist.swift */; };
		F9F0D6052B80940700BA4244 /* Work.swift in Sources */ = {isa = PBXBuildFile; fileRef = F9F0D6042B80940700BA4244 /* Work.swift */; };
		F9F0D6072B80942600BA4244 /* NetworkManager.swift in Sources */ = {isa = PBXBuildFile; fileRef = F9F0D6062B80942600BA4244 /* NetworkManager.swift */; };
		F9F0D6092B80946A00BA4244 /* ArtistsView.swift in Sources */ = {isa = PBXBuildFile; fileRef = F9F0D6082B80946A00BA4244 /* ArtistsView.swift */; };
		F9F0D60B2B80948D00BA4244 /* ArtistDetailView.swift in Sources */ = {isa = PBXBuildFile; fileRef = F9F0D60A2B80948D00BA4244 /* ArtistDetailView.swift */; };
		F9F0D60D2B8094B500BA4244 /* SearchBar.swift in Sources */ = {isa = PBXBuildFile; fileRef = F9F0D60C2B8094B500BA4244 /* SearchBar.swift */; };
		F9F0D60F2B8094D700BA4244 /* FullScreenImageView.swift in Sources */ = {isa = PBXBuildFile; fileRef = F9F0D60E2B8094D700BA4244 /* FullScreenImageView.swift */; };
		F9F0D6112B8094F400BA4244 /* GalleryView.swift in Sources */ = {isa = PBXBuildFile; fileRef = F9F0D6102B8094F300BA4244 /* GalleryView.swift */; };
		F9F0D6132B80952900BA4244 /* ArtistsViewModel.swift in Sources */ = {isa = PBXBuildFile; fileRef = F9F0D6122B80952900BA4244 /* ArtistsViewModel.swift */; };
		F9F0D6152B80954100BA4244 /* ArtistDetailViewModel.swift in Sources */ = {isa = PBXBuildFile; fileRef = F9F0D6142B80954100BA4244 /* ArtistDetailViewModel.swift */; };
/* End PBXBuildFile section */

/* Begin PBXFileReference section */
		F9F0D5EC2B80927F00BA4244 /* ArtGallery.app */ = {isa = PBXFileReference; explicitFileType = wrapper.application; includeInIndex = 0; path = ArtGallery.app; sourceTree = BUILT_PRODUCTS_DIR; };
		F9F0D5EF2B80927F00BA4244 /* ArtGalleryApp.swift */ = {isa = PBXFileReference; lastKnownFileType = sourcecode.swift; path = ArtGalleryApp.swift; sourceTree = "<group>"; };
		F9F0D5F12B80927F00BA4244 /* ContentView.swift */ = {isa = PBXFileReference; lastKnownFileType = sourcecode.swift; path = ContentView.swift; sourceTree = "<group>"; };
		F9F0D5F32B80928000BA4244 /* Assets.xcassets */ = {isa = PBXFileReference; lastKnownFileType = folder.assetcatalog; path = Assets.xcassets; sourceTree = "<group>"; };
		F9F0D5F62B80928000BA4244 /* Preview Assets.xcassets */ = {isa = PBXFileReference; lastKnownFileType = folder.assetcatalog; path = "Preview Assets.xcassets"; sourceTree = "<group>"; };
		F9F0D6002B8093CF00BA4244 /* AllArtists.swift */ = {isa = PBXFileReference; lastKnownFileType = sourcecode.swift; path = AllArtists.swift; sourceTree = "<group>"; };
		F9F0D6022B8093F100BA4244 /* Artist.swift */ = {isa = PBXFileReference; lastKnownFileType = sourcecode.swift; path = Artist.swift; sourceTree = "<group>"; };
		F9F0D6042B80940700BA4244 /* Work.swift */ = {isa = PBXFileReference; lastKnownFileType = sourcecode.swift; path = Work.swift; sourceTree = "<group>"; };
		F9F0D6062B80942600BA4244 /* NetworkManager.swift */ = {isa = PBXFileReference; lastKnownFileType = sourcecode.swift; path = NetworkManager.swift; sourceTree = "<group>"; };
		F9F0D6082B80946A00BA4244 /* ArtistsView.swift */ = {isa = PBXFileReference; lastKnownFileType = sourcecode.swift; path = ArtistsView.swift; sourceTree = "<group>"; };
		F9F0D60A2B80948D00BA4244 /* ArtistDetailView.swift */ = {isa = PBXFileReference; lastKnownFileType = sourcecode.swift; path = ArtistDetailView.swift; sourceTree = "<group>"; };
		F9F0D60C2B8094B500BA4244 /* SearchBar.swift */ = {isa = PBXFileReference; lastKnownFileType = sourcecode.swift; path = SearchBar.swift; sourceTree = "<group>"; };
		F9F0D60E2B8094D700BA4244 /* FullScreenImageView.swift */ = {isa = PBXFileReference; lastKnownFileType = sourcecode.swift; path = FullScreenImageView.swift; sourceTree = "<group>"; };
		F9F0D6102B8094F300BA4244 /* GalleryView.swift */ = {isa = PBXFileReference; lastKnownFileType = sourcecode.swift; path = GalleryView.swift; sourceTree = "<group>"; };
		F9F0D6122B80952900BA4244 /* ArtistsViewModel.swift */ = {isa = PBXFileReference; lastKnownFileType = sourcecode.swift; path = ArtistsViewModel.swift; sourceTree = "<group>"; };
		F9F0D6142B80954100BA4244 /* ArtistDetailViewModel.swift */ = {isa = PBXFileReference; lastKnownFileType = sourcecode.swift; path = ArtistDetailViewModel.swift; sourceTree = "<group>"; };
/* End PBXFileReference section */

/* Begin PBXFrameworksBuildPhase section */
		F9F0D5E92B80927F00BA4244 /* Frameworks */ = {
			isa = PBXFrameworksBuildPhase;
			buildActionMask = 2147483647;
			files = (
			);
			runOnlyForDeploymentPostprocessing = 0;
		};
/* End PBXFrameworksBuildPhase section */

/* Begin PBXGroup section */
		F9F0D5E32B80927F00BA4244 = {
			isa = PBXGroup;
			children = (
				F9F0D5EE2B80927F00BA4244 /* ArtGallery */,
				F9F0D5ED2B80927F00BA4244 /* Products */,
			);
			sourceTree = "<group>";
		};
		F9F0D5ED2B80927F00BA4244 /* Products */ = {
			isa = PBXGroup;
			children = (
				F9F0D5EC2B80927F00BA4244 /* ArtGallery.app */,
			);
			name = Products;
			sourceTree = "<group>";
		};
		F9F0D5EE2B80927F00BA4244 /* ArtGallery */ = {
			isa = PBXGroup;
			children = (
				F9F0D5FF2B80938C00BA4244 /* Models */,
				F9F0D5FE2B80938300BA4244 /* Views */,
				F9F0D5FD2B80936E00BA4244 /* ViewModels */,
				F9F0D5EF2B80927F00BA4244 /* ArtGalleryApp.swift */,
				F9F0D5F32B80928000BA4244 /* Assets.xcassets */,
				F9F0D5F52B80928000BA4244 /* Preview Content */,
			);
			path = ArtGallery;
			sourceTree = "<group>";
		};
		F9F0D5F52B80928000BA4244 /* Preview Content */ = {
			isa = PBXGroup;
			children = (
				F9F0D5F62B80928000BA4244 /* Preview Assets.xcassets */,
			);
			path = "Preview Content";
			sourceTree = "<group>";
		};
		F9F0D5FD2B80936E00BA4244 /* ViewModels */ = {
			isa = PBXGroup;
			children = (
				F9F0D6122B80952900BA4244 /* ArtistsViewModel.swift */,
				F9F0D6142B80954100BA4244 /* ArtistDetailViewModel.swift */,
			);
			path = ViewModels;
			sourceTree = "<group>";
		};
		F9F0D5FE2B80938300BA4244 /* Views */ = {
			isa = PBXGroup;
			children = (
				F9F0D5F12B80927F00BA4244 /* ContentView.swift */,
				F9F0D6082B80946A00BA4244 /* ArtistsView.swift */,
				F9F0D60A2B80948D00BA4244 /* ArtistDetailView.swift */,
				F9F0D60C2B8094B500BA4244 /* SearchBar.swift */,
				F9F0D60E2B8094D700BA4244 /* FullScreenImageView.swift */,
				F9F0D6102B8094F300BA4244 /* GalleryView.swift */,
			);
			path = Views;
			sourceTree = "<group>";
		};
		F9F0D5FF2B80938C00BA4244 /* Models */ = {
			isa = PBXGroup;
			children = (
				F9F0D6002B8093CF00BA4244 /* AllArtists.swift */,
				F9F0D6022B8093F100BA4244 /* Artist.swift */,
				F9F0D6042B80940700BA4244 /* Work.swift */,
				F9F0D6062B80942600BA4244 /* NetworkManager.swift */,
			);
			path = Models;
			sourceTree = "<group>";
		};
/* End PBXGroup section */

/* Begin PBXNativeTarget section */
		F9F0D5EB2B80927F00BA4244 /* ArtGallery */ = {
			isa = PBXNativeTarget;
			buildConfigurationList = F9F0D5FA2B80928000BA4244 /* Build configuration list for PBXNativeTarget "ArtGallery" */;
			buildPhases = (
				F9F0D5E82B80927F00BA4244 /* Sources */,
				F9F0D5E92B80927F00BA4244 /* Frameworks */,
				F9F0D5EA2B80927F00BA4244 /* Resources */,
			);
			buildRules = (
			);
			dependencies = (
			);
			name = ArtGallery;
			productName = ArtGallery;
			productReference = F9F0D5EC2B80927F00BA4244 /* ArtGallery.app */;
			productType = "com.apple.product-type.application";
		};
/* End PBXNativeTarget section */

/* Begin PBXProject section */
		F9F0D5E42B80927F00BA4244 /* Project object */ = {
			isa = PBXProject;
			attributes = {
				BuildIndependentTargetsInParallel = 1;
				LastSwiftUpdateCheck = 1410;
				LastUpgradeCheck = 1410;
				TargetAttributes = {
					F9F0D5EB2B80927F00BA4244 = {
						CreatedOnToolsVersion = 14.1;
					};
				};
			};
			buildConfigurationList = F9F0D5E72B80927F00BA4244 /* Build configuration list for PBXProject "ArtGallery" */;
			compatibilityVersion = "Xcode 14.0";
			developmentRegion = en;
			hasScannedForEncodings = 0;
			knownRegions = (
				en,
				Base,
			);
			mainGroup = F9F0D5E32B80927F00BA4244;
			productRefGroup = F9F0D5ED2B80927F00BA4244 /* Products */;
			projectDirPath = "";
			projectRoot = "";
			targets = (
				F9F0D5EB2B80927F00BA4244 /* ArtGallery */,
			);
		};
/* End PBXProject section */

/* Begin PBXResourcesBuildPhase section */
		F9F0D5EA2B80927F00BA4244 /* Resources */ = {
			isa = PBXResourcesBuildPhase;
			buildActionMask = 2147483647;
			files = (
				F9F0D5F72B80928000BA4244 /* Preview Assets.xcassets in Resources */,
				F9F0D5F42B80928000BA4244 /* Assets.xcassets in Resources */,
			);
			runOnlyForDeploymentPostprocessing = 0;
		};
/* End PBXResourcesBuildPhase section */

/* Begin PBXSourcesBuildPhase section */
		F9F0D5E82B80927F00BA4244 /* Sources */ = {
			isa = PBXSourcesBuildPhase;
			buildActionMask = 2147483647;
			files = (
				F9F0D6152B80954100BA4244 /* ArtistDetailViewModel.swift in Sources */,
				F9F0D6072B80942600BA4244 /* NetworkManager.swift in Sources */,
				F9F0D6092B80946A00BA4244 /* ArtistsView.swift in Sources */,
				F9F0D5F22B80927F00BA4244 /* ContentView.swift in Sources */,
				F9F0D60F2B8094D700BA4244 /* FullScreenImageView.swift in Sources */,
				F9F0D5F02B80927F00BA4244 /* ArtGalleryApp.swift in Sources */,
				F9F0D6052B80940700BA4244 /* Work.swift in Sources */,
				F9F0D60D2B8094B500BA4244 /* SearchBar.swift in Sources */,
				F9F0D6032B8093F100BA4244 /* Artist.swift in Sources */,
				F9F0D6112B8094F400BA4244 /* GalleryView.swift in Sources */,
				F9F0D60B2B80948D00BA4244 /* ArtistDetailView.swift in Sources */,
				F9F0D6012B8093CF00BA4244 /* AllArtists.swift in Sources */,
				F9F0D6132B80952900BA4244 /* ArtistsViewModel.swift in Sources */,
			);
			runOnlyForDeploymentPostprocessing = 0;
		};
/* End PBXSourcesBuildPhase section */

/* Begin XCBuildConfiguration section */
		F9F0D5F82B80928000BA4244 /* Debug */ = {
			isa = XCBuildConfiguration;
			buildSettings = {
				ALWAYS_SEARCH_USER_PATHS = NO;
				CLANG_ANALYZER_NONNULL = YES;
				CLANG_ANALYZER_NUMBER_OBJECT_CONVERSION = YES_AGGRESSIVE;
				CLANG_CXX_LANGUAGE_STANDARD = "gnu++20";
				CLANG_ENABLE_MODULES = YES;
				CLANG_ENABLE_OBJC_ARC = YES;
				CLANG_ENABLE_OBJC_WEAK = YES;
				CLANG_WARN_BLOCK_CAPTURE_AUTORELEASING = YES;
				CLANG_WARN_BOOL_CONVERSION = YES;
				CLANG_WARN_COMMA = YES;
				CLANG_WARN_CONSTANT_CONVERSION = YES;
				CLANG_WARN_DEPRECATED_OBJC_IMPLEMENTATIONS = YES;
				CLANG_WARN_DIRECT_OBJC_ISA_USAGE = YES_ERROR;
				CLANG_WARN_DOCUMENTATION_COMMENTS = YES;
				CLANG_WARN_EMPTY_BODY = YES;
				CLANG_WARN_ENUM_CONVERSION = YES;
				CLANG_WARN_INFINITE_RECURSION = YES;
				CLANG_WARN_INT_CONVERSION = YES;
				CLANG_WARN_NON_LITERAL_NULL_CONVERSION = YES;
				CLANG_WARN_OBJC_IMPLICIT_RETAIN_SELF = YES;
				CLANG_WARN_OBJC_LITERAL_CONVERSION = YES;
				CLANG_WARN_OBJC_ROOT_CLASS = YES_ERROR;
				CLANG_WARN_QUOTED_INCLUDE_IN_FRAMEWORK_HEADER = YES;
				CLANG_WARN_RANGE_LOOP_ANALYSIS = YES;
				CLANG_WARN_STRICT_PROTOTYPES = YES;
				CLANG_WARN_SUSPICIOUS_MOVE = YES;
				CLANG_WARN_UNGUARDED_AVAILABILITY = YES_AGGRESSIVE;
				CLANG_WARN_UNREACHABLE_CODE = YES;
				CLANG_WARN__DUPLICATE_METHOD_MATCH = YES;
				COPY_PHASE_STRIP = NO;
				DEBUG_INFORMATION_FORMAT = dwarf;
				ENABLE_STRICT_OBJC_MSGSEND = YES;
				ENABLE_TESTABILITY = YES;
				GCC_C_LANGUAGE_STANDARD = gnu11;
				GCC_DYNAMIC_NO_PIC = NO;
				GCC_NO_COMMON_BLOCKS = YES;
				GCC_OPTIMIZATION_LEVEL = 0;
				GCC_PREPROCESSOR_DEFINITIONS = (
					"DEBUG=1",
					"$(inherited)",
				);
				GCC_WARN_64_TO_32_BIT_CONVERSION = YES;
				GCC_WARN_ABOUT_RETURN_TYPE = YES_ERROR;
				GCC_WARN_UNDECLARED_SELECTOR = YES;
				GCC_WARN_UNINITIALIZED_AUTOS = YES_AGGRESSIVE;
				GCC_WARN_UNUSED_FUNCTION = YES;
				GCC_WARN_UNUSED_VARIABLE = YES;
				IPHONEOS_DEPLOYMENT_TARGET = 16.1;
				MTL_ENABLE_DEBUG_INFO = INCLUDE_SOURCE;
				MTL_FAST_MATH = YES;
				ONLY_ACTIVE_ARCH = YES;
				SDKROOT = iphoneos;
				SWIFT_ACTIVE_COMPILATION_CONDITIONS = DEBUG;
				SWIFT_OPTIMIZATION_LEVEL = "-Onone";
			};
			name = Debug;
		};
		F9F0D5F92B80928000BA4244 /* Release */ = {
			isa = XCBuildConfiguration;
			buildSettings = {
				ALWAYS_SEARCH_USER_PATHS = NO;
				CLANG_ANALYZER_NONNULL = YES;
				CLANG_ANALYZER_NUMBER_OBJECT_CONVERSION = YES_AGGRESSIVE;
				CLANG_CXX_LANGUAGE_STANDARD = "gnu++20";
				CLANG_ENABLE_MODULES = YES;
				CLANG_ENABLE_OBJC_ARC = YES;
				CLANG_ENABLE_OBJC_WEAK = YES;
				CLANG_WARN_BLOCK_CAPTURE_AUTORELEASING = YES;
				CLANG_WARN_BOOL_CONVERSION = YES;
				CLANG_WARN_COMMA = YES;
				CLANG_WARN_CONSTANT_CONVERSION = YES;
				CLANG_WARN_DEPRECATED_OBJC_IMPLEMENTATIONS = YES;
				CLANG_WARN_DIRECT_OBJC_ISA_USAGE = YES_ERROR;
				CLANG_WARN_DOCUMENTATION_COMMENTS = YES;
				CLANG_WARN_EMPTY_BODY = YES;
				CLANG_WARN_ENUM_CONVERSION = YES;
				CLANG_WARN_INFINITE_RECURSION = YES;
				CLANG_WARN_INT_CONVERSION = YES;
				CLANG_WARN_NON_LITERAL_NULL_CONVERSION = YES;
				CLANG_WARN_OBJC_IMPLICIT_RETAIN_SELF = YES;
				CLANG_WARN_OBJC_LITERAL_CONVERSION = YES;
				CLANG_WARN_OBJC_ROOT_CLASS = YES_ERROR;
				CLANG_WARN_QUOTED_INCLUDE_IN_FRAMEWORK_HEADER = YES;
				CLANG_WARN_RANGE_LOOP_ANALYSIS = YES;
				CLANG_WARN_STRICT_PROTOTYPES = YES;
				CLANG_WARN_SUSPICIOUS_MOVE = YES;
				CLANG_WARN_UNGUARDED_AVAILABILITY = YES_AGGRESSIVE;
				CLANG_WARN_UNREACHABLE_CODE = YES;
				CLANG_WARN__DUPLICATE_METHOD_MATCH = YES;
				COPY_PHASE_STRIP = NO;
				DEBUG_INFORMATION_FORMAT = "dwarf-with-dsym";
				ENABLE_NS_ASSERTIONS = NO;
				ENABLE_STRICT_OBJC_MSGSEND = YES;
				GCC_C_LANGUAGE_STANDARD = gnu11;
				GCC_NO_COMMON_BLOCKS = YES;
				GCC_WARN_64_TO_32_BIT_CONVERSION = YES;
				GCC_WARN_ABOUT_RETURN_TYPE = YES_ERROR;
				GCC_WARN_UNDECLARED_SELECTOR = YES;
				GCC_WARN_UNINITIALIZED_AUTOS = YES_AGGRESSIVE;
				GCC_WARN_UNUSED_FUNCTION = YES;
				GCC_WARN_UNUSED_VARIABLE = YES;
				IPHONEOS_DEPLOYMENT_TARGET = 16.1;
				MTL_ENABLE_DEBUG_INFO = NO;
				MTL_FAST_MATH = YES;
				SDKROOT = iphoneos;
				SWIFT_COMPILATION_MODE = wholemodule;
				SWIFT_OPTIMIZATION_LEVEL = "-O";
				VALIDATE_PRODUCT = YES;
			};
			name = Release;
		};
		F9F0D5FB2B80928000BA4244 /* Debug */ = {
			isa = XCBuildConfiguration;
			buildSettings = {
				ASSETCATALOG_COMPILER_APPICON_NAME = AppIcon;
				ASSETCATALOG_COMPILER_GLOBAL_ACCENT_COLOR_NAME = AccentColor;
				CODE_SIGN_STYLE = Automatic;
				CURRENT_PROJECT_VERSION = 1;
				DEVELOPMENT_ASSET_PATHS = "\"ArtGallery/Preview Content\"";
				DEVELOPMENT_TEAM = 92XN5X884L;
				ENABLE_PREVIEWS = YES;
				GENERATE_INFOPLIST_FILE = YES;
				INFOPLIST_KEY_UIApplicationSceneManifest_Generation = YES;
				INFOPLIST_KEY_UIApplicationSupportsIndirectInputEvents = YES;
				INFOPLIST_KEY_UILaunchScreen_Generation = YES;
				INFOPLIST_KEY_UISupportedInterfaceOrientations_iPad = "UIInterfaceOrientationPortrait UIInterfaceOrientationPortraitUpsideDown UIInterfaceOrientationLandscapeLeft UIInterfaceOrientationLandscapeRight";
				INFOPLIST_KEY_UISupportedInterfaceOrientations_iPhone = "UIInterfaceOrientationPortrait UIInterfaceOrientationLandscapeLeft UIInterfaceOrientationLandscapeRight";
				LD_RUNPATH_SEARCH_PATHS = (
					"$(inherited)",
					"@executable_path/Frameworks",
				);
				MARKETING_VERSION = 1.0;
				PRODUCT_BUNDLE_IDENTIFIER = "Maxx-Swift.ArtGallery";
				PRODUCT_NAME = "$(TARGET_NAME)";
				SWIFT_EMIT_LOC_STRINGS = YES;
				SWIFT_VERSION = 5.0;
				TARGETED_DEVICE_FAMILY = "1,2";
			};
			name = Debug;
		};
		F9F0D5FC2B80928000BA4244 /* Release */ = {
			isa = XCBuildConfiguration;
			buildSettings = {
				ASSETCATALOG_COMPILER_APPICON_NAME = AppIcon;
				ASSETCATALOG_COMPILER_GLOBAL_ACCENT_COLOR_NAME = AccentColor;
				CODE_SIGN_STYLE = Automatic;
				CURRENT_PROJECT_VERSION = 1;
				DEVELOPMENT_ASSET_PATHS = "\"ArtGallery/Preview Content\"";
				DEVELOPMENT_TEAM = 92XN5X884L;
				ENABLE_PREVIEWS = YES;
				GENERATE_INFOPLIST_FILE = YES;
				INFOPLIST_KEY_UIApplicationSceneManifest_Generation = YES;
				INFOPLIST_KEY_UIApplicationSupportsIndirectInputEvents = YES;
				INFOPLIST_KEY_UILaunchScreen_Generation = YES;
				INFOPLIST_KEY_UISupportedInterfaceOrientations_iPad = "UIInterfaceOrientationPortrait UIInterfaceOrientationPortraitUpsideDown UIInterfaceOrientationLandscapeLeft UIInterfaceOrientationLandscapeRight";
				INFOPLIST_KEY_UISupportedInterfaceOrientations_iPhone = "UIInterfaceOrientationPortrait UIInterfaceOrientationLandscapeLeft UIInterfaceOrientationLandscapeRight";
				LD_RUNPATH_SEARCH_PATHS = (
					"$(inherited)",
					"@executable_path/Frameworks",
				);
				MARKETING_VERSION = 1.0;
				PRODUCT_BUNDLE_IDENTIFIER = "Maxx-Swift.ArtGallery";
				PRODUCT_NAME = "$(TARGET_NAME)";
				SWIFT_EMIT_LOC_STRINGS = YES;
				SWIFT_VERSION = 5.0;
				TARGETED_DEVICE_FAMILY = "1,2";
			};
			name = Release;
		};
/* End XCBuildConfiguration section */

/* Begin XCConfigurationList section */
		F9F0D5E72B80927F00BA4244 /* Build configuration list for PBXProject "ArtGallery" */ = {
			isa = XCConfigurationList;
			buildConfigurations = (
				F9F0D5F82B80928000BA4244 /* Debug */,
				F9F0D5F92B80928000BA4244 /* Release */,
			);
			defaultConfigurationIsVisible = 0;
			defaultConfigurationName = Release;
		};
		F9F0D5FA2B80928000BA4244 /* Build configuration list for PBXNativeTarget "ArtGallery" */ = {
			isa = XCConfigurationList;
			buildConfigurations = (
				F9F0D5FB2B80928000BA4244 /* Debug */,
				F9F0D5FC2B80928000BA4244 /* Release */,
			);
			defaultConfigurationIsVisible = 0;
			defaultConfigurationName = Release;
		};
/* End XCConfigurationList section */
	};
	rootObject = F9F0D5E42B80927F00BA4244 /* Project object */;
}
